
Microsoft Visual Studio Solution File, Format Version 12.00
# Visual Studio Version 16
VisualStudioVersion = 16.0.32407.337
MinimumVisualStudioVersion = 10.0.40219.1
Project("{FAE04EC0-301F-11D3-BF4B-00C04F79EFBC}") = "CosmosDBIntegrationWithDotNetCore", "CosmosDBIntegrationWithDotNetCore\CosmosDBIntegrationWithDotNetCore.csproj", "{CFAECCC3-32CE-40CF-A456-A739F2DA74B2}"
EndProject
Project("{FAE04EC0-301F-11D3-BF4B-00C04F79EFBC}") = "DataAccess", "DataAccess\DataAccess.csproj", "{B6B92802-93C9-4247-90EB-5ED2A1152040}"
EndProject
Global
	GlobalSection(SolutionConfigurationPlatforms) = preSolution
		Debug|Any CPU = Debug|Any CPU
		Release|Any CPU = Release|Any CPU
	EndGlobalSection
	GlobalSection(ProjectConfigurationPlatforms) = postSolution
		{CFAECCC3-32CE-40CF-A456-A739F2DA74B2}.Debug|Any CPU.ActiveCfg = Debug|Any CPU
		{CFAECCC3-32CE-40CF-A456-A739F2DA74B2}.Debug|Any CPU.Build.0 = Debug|Any CPU
		{CFAECCC3-32CE-40CF-A456-A739F2DA74B2}.Release|Any CPU.ActiveCfg = Release|Any CPU
		{CFAECCC3-32CE-40CF-A456-A739F2DA74B2}.Release|Any CPU.Build.0 = Release|Any CPU
		{B6B92802-93C9-4247-90EB-5ED2A1152040}.Debug|Any CPU.ActiveCfg = Debug|Any CPU
		{B6B92802-93C9-4247-90EB-5ED2A1152040}.Debug|Any CPU.Build.0 = Debug|Any CPU
		{B6B92802-93C9-4247-90EB-5ED2A1152040}.Release|Any CPU.ActiveCfg = Release|Any CPU
		{B6B92802-93C9-4247-90EB-5ED2A1152040}.Release|Any CPU.Build.0 = Release|Any CPU
	EndGlobalSection
	GlobalSection(SolutionProperties) = preSolution
		HideSolutionNode = FALSE
	EndGlobalSection
	GlobalSection(ExtensibilityGlobals) = postSolution
		SolutionGuid = {BB495AFA-1B6E-4365-8B91-F2F52204708D}
	EndGlobalSection
EndGlobal
